
Microsoft Visual Studio Solution File, Format Version 12.00
# Visual Studio 15
VisualStudioVersion = 15.0.26403.3
MinimumVisualStudioVersion = 10.0.40219.1
Project("{2150E333-8FDC-42A3-9474-1A3956D46DE8}") = "Solution Items", "Solution Items", "{23B1A0C4-07DB-4A9C-9FDE-7CF33321DE87}"
	ProjectSection(SolutionItems) = preProject
		CHANGELOG.md = CHANGELOG.md
		LAZY_LOADING.md = LAZY_LOADING.md
		README.md = README.md
	EndProjectSection
EndProject
Project("{2150E333-8FDC-42A3-9474-1A3956D46DE8}") = "Source", "Source", "{DB45F443-E6BC-4545-A183-747729B19A86}"
EndProject
Project("{2150E333-8FDC-42A3-9474-1A3956D46DE8}") = "Tests", "Tests", "{F8ECDC0A-3042-4A43-8285-4EC9932B8993}"
EndProject
Project("{2150E333-8FDC-42A3-9474-1A3956D46DE8}") = "Server", "Server", "{F64424AD-F932-48BE-8EE8-F661F14E6C27}"
EndProject
Project("{2150E333-8FDC-42A3-9474-1A3956D46DE8}") = "Client", "Client", "{E201850B-483A-498B-A16F-EAA8AB893877}"
EndProject
Project("{2150E333-8FDC-42A3-9474-1A3956D46DE8}") = "Database", "Database", "{E0CBE549-8E34-4A80-AB11-7B210ED3C237}"
EndProject
Project("{9A19103F-16F7-4668-BE54-9A1E7A4F7556}") = "Angular2Core.AngularUi", "Source\Client\Angular2Core.AngularUi\Angular2Core.AngularUi.csproj", "{A6F2C633-98E9-4050-B576-110799027E66}"
EndProject
Project("{9A19103F-16F7-4668-BE54-9A1E7A4F7556}") = "Angular2Core.Models", "Source\Database\Angular2Core.Models\Angular2Core.Models.csproj", "{F5741CFC-7882-4F66-8265-A9D8540802B0}"
EndProject
Project("{00D1A9C2-B5F0-4AF3-8072-F6C62B433612}") = "Angular2Core.Database", "Source\Database\Angular2Core.Database\Angular2Core.Database.sqlproj", "{7090E6F8-B994-4722-8496-9378584DEB0C}"
EndProject
Project("{9A19103F-16F7-4668-BE54-9A1E7A4F7556}") = "Angular2Core.Repositories", "Source\Database\Angular2Core.Repositories\Angular2Core.Repositories.csproj", "{B029B8DB-23F5-4464-9347-6DE661485B1D}"
EndProject
Project("{FAE04EC0-301F-11D3-BF4B-00C04F79EFBC}") = "Angular2Core.WindowsServices", "Source\Server\Angular2Core.WindowsServices\Angular2Core.WindowsServices.csproj", "{E2D3C03A-9A16-4C59-A5F4-46EC3FE62FC2}"
EndProject
Project("{9A19103F-16F7-4668-BE54-9A1E7A4F7556}") = "Angular2Core.WebServices", "Source\Server\Angular2Core.WebServices\Angular2Core.WebServices.csproj", "{80BDCCBE-0D55-4962-8512-B0A9E6CF3292}"
EndProject
Project("{9A19103F-16F7-4668-BE54-9A1E7A4F7556}") = "Angular2Core.Common", "Source\Server\Angular2Core.Common\Angular2Core.Common.csproj", "{EB6191E9-F32C-4A6C-A8B9-CE3E41F5AC8F}"
EndProject
Project("{9A19103F-16F7-4668-BE54-9A1E7A4F7556}") = "Angular2Core.Api", "Source\Server\Angular2Core.Api\Angular2Core.Api.csproj", "{77102C27-EB13-440C-A863-33671FBE4CE2}"
EndProject
Project("{9A19103F-16F7-4668-BE54-9A1E7A4F7556}") = "Angular2Core.Tests", "Tests\Angular2Core.Tests\Angular2Core.Tests.csproj", "{440304CF-9635-49F2-9978-AD7047D69514}"
EndProject
Project("{FAE04EC0-301F-11D3-BF4B-00C04F79EFBC}") = "Angular2Core.BusinessLogic", "Angular2Core.BusinessLogic\Angular2Core.BusinessLogic.csproj", "{BF02BF62-CF91-467B-80E9-45CEF6098B7B}"
EndProject
Global
	GlobalSection(SolutionConfigurationPlatforms) = preSolution
		Debug|Any CPU = Debug|Any CPU
		Release|Any CPU = Release|Any CPU
	EndGlobalSection
	GlobalSection(ProjectConfigurationPlatforms) = postSolution
		{A6F2C633-98E9-4050-B576-110799027E66}.Debug|Any CPU.ActiveCfg = Debug|Any CPU
		{A6F2C633-98E9-4050-B576-110799027E66}.Debug|Any CPU.Build.0 = Debug|Any CPU
		{A6F2C633-98E9-4050-B576-110799027E66}.Release|Any CPU.ActiveCfg = Release|Any CPU
		{A6F2C633-98E9-4050-B576-110799027E66}.Release|Any CPU.Build.0 = Release|Any CPU
		{F5741CFC-7882-4F66-8265-A9D8540802B0}.Debug|Any CPU.ActiveCfg = Debug|Any CPU
		{F5741CFC-7882-4F66-8265-A9D8540802B0}.Debug|Any CPU.Build.0 = Debug|Any CPU
		{F5741CFC-7882-4F66-8265-A9D8540802B0}.Release|Any CPU.ActiveCfg = Release|Any CPU
		{F5741CFC-7882-4F66-8265-A9D8540802B0}.Release|Any CPU.Build.0 = Release|Any CPU
		{7090E6F8-B994-4722-8496-9378584DEB0C}.Debug|Any CPU.ActiveCfg = Debug|Any CPU
		{7090E6F8-B994-4722-8496-9378584DEB0C}.Debug|Any CPU.Build.0 = Debug|Any CPU
		{7090E6F8-B994-4722-8496-9378584DEB0C}.Debug|Any CPU.Deploy.0 = Debug|Any CPU
		{7090E6F8-B994-4722-8496-9378584DEB0C}.Release|Any CPU.ActiveCfg = Release|Any CPU
		{7090E6F8-B994-4722-8496-9378584DEB0C}.Release|Any CPU.Build.0 = Release|Any CPU
		{7090E6F8-B994-4722-8496-9378584DEB0C}.Release|Any CPU.Deploy.0 = Release|Any CPU
		{B029B8DB-23F5-4464-9347-6DE661485B1D}.Debug|Any CPU.ActiveCfg = Debug|Any CPU
		{B029B8DB-23F5-4464-9347-6DE661485B1D}.Debug|Any CPU.Build.0 = Debug|Any CPU
		{B029B8DB-23F5-4464-9347-6DE661485B1D}.Release|Any CPU.ActiveCfg = Release|Any CPU
		{B029B8DB-23F5-4464-9347-6DE661485B1D}.Release|Any CPU.Build.0 = Release|Any CPU
		{E2D3C03A-9A16-4C59-A5F4-46EC3FE62FC2}.Debug|Any CPU.ActiveCfg = Debug|Any CPU
		{E2D3C03A-9A16-4C59-A5F4-46EC3FE62FC2}.Debug|Any CPU.Build.0 = Debug|Any CPU
		{E2D3C03A-9A16-4C59-A5F4-46EC3FE62FC2}.Release|Any CPU.ActiveCfg = Release|Any CPU
		{E2D3C03A-9A16-4C59-A5F4-46EC3FE62FC2}.Release|Any CPU.Build.0 = Release|Any CPU
		{80BDCCBE-0D55-4962-8512-B0A9E6CF3292}.Debug|Any CPU.ActiveCfg = Debug|Any CPU
		{80BDCCBE-0D55-4962-8512-B0A9E6CF3292}.Debug|Any CPU.Build.0 = Debug|Any CPU
		{80BDCCBE-0D55-4962-8512-B0A9E6CF3292}.Release|Any CPU.ActiveCfg = Release|Any CPU
		{80BDCCBE-0D55-4962-8512-B0A9E6CF3292}.Release|Any CPU.Build.0 = Release|Any CPU
		{EB6191E9-F32C-4A6C-A8B9-CE3E41F5AC8F}.Debug|Any CPU.ActiveCfg = Debug|Any CPU
		{EB6191E9-F32C-4A6C-A8B9-CE3E41F5AC8F}.Debug|Any CPU.Build.0 = Debug|Any CPU
		{EB6191E9-F32C-4A6C-A8B9-CE3E41F5AC8F}.Release|Any CPU.ActiveCfg = Release|Any CPU
		{EB6191E9-F32C-4A6C-A8B9-CE3E41F5AC8F}.Release|Any CPU.Build.0 = Release|Any CPU
		{77102C27-EB13-440C-A863-33671FBE4CE2}.Debug|Any CPU.ActiveCfg = Debug|Any CPU
		{77102C27-EB13-440C-A863-33671FBE4CE2}.Debug|Any CPU.Build.0 = Debug|Any CPU
		{77102C27-EB13-440C-A863-33671FBE4CE2}.Release|Any CPU.ActiveCfg = Release|Any CPU
		{77102C27-EB13-440C-A863-33671FBE4CE2}.Release|Any CPU.Build.0 = Release|Any CPU
		{440304CF-9635-49F2-9978-AD7047D69514}.Debug|Any CPU.ActiveCfg = Debug|Any CPU
		{440304CF-9635-49F2-9978-AD7047D69514}.Debug|Any CPU.Build.0 = Debug|Any CPU
		{440304CF-9635-49F2-9978-AD7047D69514}.Release|Any CPU.ActiveCfg = Release|Any CPU
		{440304CF-9635-49F2-9978-AD7047D69514}.Release|Any CPU.Build.0 = Release|Any CPU
		{BF02BF62-CF91-467B-80E9-45CEF6098B7B}.Debug|Any CPU.ActiveCfg = Debug|Any CPU
		{BF02BF62-CF91-467B-80E9-45CEF6098B7B}.Debug|Any CPU.Build.0 = Debug|Any CPU
		{BF02BF62-CF91-467B-80E9-45CEF6098B7B}.Release|Any CPU.ActiveCfg = Release|Any CPU
		{BF02BF62-CF91-467B-80E9-45CEF6098B7B}.Release|Any CPU.Build.0 = Release|Any CPU
	EndGlobalSection
	GlobalSection(SolutionProperties) = preSolution
		HideSolutionNode = FALSE
	EndGlobalSection
	GlobalSection(NestedProjects) = preSolution
		{F64424AD-F932-48BE-8EE8-F661F14E6C27} = {DB45F443-E6BC-4545-A183-747729B19A86}
		{E201850B-483A-498B-A16F-EAA8AB893877} = {DB45F443-E6BC-4545-A183-747729B19A86}
		{E0CBE549-8E34-4A80-AB11-7B210ED3C237} = {DB45F443-E6BC-4545-A183-747729B19A86}
		{A6F2C633-98E9-4050-B576-110799027E66} = {E201850B-483A-498B-A16F-EAA8AB893877}
		{F5741CFC-7882-4F66-8265-A9D8540802B0} = {E0CBE549-8E34-4A80-AB11-7B210ED3C237}
		{7090E6F8-B994-4722-8496-9378584DEB0C} = {E0CBE549-8E34-4A80-AB11-7B210ED3C237}
		{B029B8DB-23F5-4464-9347-6DE661485B1D} = {E0CBE549-8E34-4A80-AB11-7B210ED3C237}
		{E2D3C03A-9A16-4C59-A5F4-46EC3FE62FC2} = {F64424AD-F932-48BE-8EE8-F661F14E6C27}
		{80BDCCBE-0D55-4962-8512-B0A9E6CF3292} = {F64424AD-F932-48BE-8EE8-F661F14E6C27}
		{EB6191E9-F32C-4A6C-A8B9-CE3E41F5AC8F} = {F64424AD-F932-48BE-8EE8-F661F14E6C27}
		{77102C27-EB13-440C-A863-33671FBE4CE2} = {F64424AD-F932-48BE-8EE8-F661F14E6C27}
		{440304CF-9635-49F2-9978-AD7047D69514} = {F8ECDC0A-3042-4A43-8285-4EC9932B8993}
		{BF02BF62-CF91-467B-80E9-45CEF6098B7B} = {F64424AD-F932-48BE-8EE8-F661F14E6C27}
	EndGlobalSection
EndGlobal
